<?xml version="1.0" encoding="utf-8"?>
<Project ToolsVersion="4.0" xmlns="http://schemas.microsoft.com/developer/msbuild/2003">
  <ItemGroup>
    <Filter Include="Resource Files">
      <UniqueIdentifier>{67DA6AB6-F800-4c08-8B7A-83BB121AAD01}</UniqueIdentifier>
      <Extensions>rc;ico;cur;bmp;dlg;rc2;rct;bin;rgs;gif;jpg;jpeg;jpe;resx;tiff;tif;png;wav;mfcribbon-ms</Extensions>
    </Filter>
  </ItemGroup>
  <ItemGroup>
    <ResourceCompile Include="InnocenceEngine.rc">
      <Filter>Resource Files</Filter>
    </ResourceCompile>
  </ItemGroup>
  <ItemGroup>
    <ClCompile Include="code\game\InnocenceGarden.cpp" />
    <ClCompile Include="code\main\stdafx.cpp" />
    <ClCompile Include="code\game\PlayerCharacter.cpp" />
    <ClCompile Include="code\game\TestCase.cpp" />
    <ClCompile Include="code\main\InnocenceEngine.cpp" />
    <ClCompile Include="code\engine\component\CameraComponent.cpp" />
    <ClCompile Include="code\engine\component\InputComponent.cpp" />
    <ClCompile Include="code\engine\component\LightComponent.cpp" />
    <ClCompile Include="code\engine\component\VisibleComponent.cpp" />
    <ClCompile Include="code\engine\data\GLGraphicPrimitive.cpp" />
    <ClCompile Include="code\engine\data\InnoMath.cpp" />
    <ClCompile Include="code\engine\data\InnoTask.cpp" />
    <ClCompile Include="code\engine\interface\BaseEntity.cpp" />
    <ClCompile Include="code\engine\interface\IEntity.cpp" />
    <ClCompile Include="code\engine\interface\IGameData.cpp" />
    <ClCompile Include="code\engine\interface\IGraphicPrimitive.cpp" />
    <ClCompile Include="code\engine\interface\IManager.cpp" />
    <ClCompile Include="code\engine\interface\IObject.cpp" />
    <ClCompile Include="code\engine\interface\IShader.cpp" />
    <ClCompile Include="code\engine\manager\graphic\GLInputManager.cpp" />
    <ClCompile Include="code\engine\manager\graphic\GLRenderingManager.cpp" />
    <ClCompile Include="code\engine\manager\graphic\GLWindowManager.cpp" />
    <ClCompile Include="code\engine\manager\graphic\RenderingManager.cpp" />
    <ClCompile Include="code\engine\manager\graphic\SceneGraphManager.cpp" />
    <ClCompile Include="code\engine\manager\AssetManager.cpp" />
    <ClCompile Include="code\engine\manager\CoreManager.cpp" />
    <ClCompile Include="code\engine\manager\LogManager.cpp" />
    <ClCompile Include="code\engine\manager\MemoryManager.cpp" />
    <ClCompile Include="code\engine\manager\TaskManager.cpp" />
    <ClCompile Include="code\engine\manager\TimeManager.cpp" />
    <ClCompile Include="code\engine\third-party\glad.c" />
  </ItemGroup>
  <ItemGroup>
    <ClInclude Include="code\game\InnocenceGarden.h" />
    <ClInclude Include="code\main\resource.h" />
    <ClInclude Include="code\main\stdafx.h" />
    <ClInclude Include="code\main\targetver.h" />
    <ClInclude Include="code\game\PlayerCharacter.h" />
    <ClInclude Include="code\game\TestCase.h" />
    <ClInclude Include="code\engine\component\CameraComponent.h" />
    <ClInclude Include="code\engine\component\InputComponent.h" />
    <ClInclude Include="code\engine\component\LightComponent.h" />
    <ClInclude Include="code\engine\component\VisibleComponent.h" />
    <ClInclude Include="code\engine\data\GLGraphicPrimitive.h" />
    <ClInclude Include="code\engine\data\InnoMath.h" />
    <ClInclude Include="code\engine\data\InnoTask.h" />
    <ClInclude Include="code\engine\interface\BaseEntity.h" />
    <ClInclude Include="code\engine\interface\IEntity.h" />
    <ClInclude Include="code\engine\interface\IGameData.h" />
    <ClInclude Include="code\engine\interface\IGraphicPrimitive.h" />
    <ClInclude Include="code\engine\interface\IManager.h" />
    <ClInclude Include="code\engine\interface\IObject.h" />
    <ClInclude Include="code\engine\interface\IShader.h" />
    <ClInclude Include="code\engine\manager\graphic\GLInputManager.h" />
    <ClInclude Include="code\engine\manager\graphic\GLRenderingManager.h" />
    <ClInclude Include="code\engine\manager\graphic\GLWindowManager.h" />
    <ClInclude Include="code\engine\manager\graphic\RenderingManager.h" />
    <ClInclude Include="code\engine\manager\graphic\SceneGraphManager.h" />
    <ClInclude Include="code\engine\manager\AssetManager.h" />
    <ClInclude Include="code\engine\manager\CoreManager.h" />
    <ClInclude Include="code\engine\manager\LogManager.h" />
    <ClInclude Include="code\engine\manager\MemoryManager.hpp" />
    <ClInclude Include="code\engine\manager\TaskManager.h" />
    <ClInclude Include="code\engine\manager\TimeManager.h" />
    <ClInclude Include="code\engine\third-party\stb_image.h" />
  </ItemGroup>
</Project>