<?xml version="1.0" encoding="utf-8"?>
<Project ToolsVersion="4.0" xmlns="http://schemas.microsoft.com/developer/msbuild/2003">
  <ItemGroup>
    <Filter Include="Resource Files">
      <UniqueIdentifier>{67DA6AB6-F800-4c08-8B7A-83BB121AAD01}</UniqueIdentifier>
      <Extensions>rc;ico;cur;bmp;dlg;rc2;rct;bin;rgs;gif;jpg;jpeg;jpe;resx;tiff;tif;png;wav;mfcribbon-ms</Extensions>
    </Filter>
  </ItemGroup>
  <ItemGroup>
    <ResourceCompile Include="InnocenceEngine 1.0.rc">
      <Filter>Resource Files</Filter>
    </ResourceCompile>
  </ItemGroup>
  <ItemGroup>
    <ClCompile Include="code\core\component\CameraComponent.cpp" />
    <ClCompile Include="code\core\data\GraphicData.cpp" />
    <ClCompile Include="code\core\interface\IBaseObject.cpp" />
    <ClCompile Include="code\core\interface\IGameData.cpp" />
    <ClCompile Include="code\core\interface\IGameEntity.cpp" />
    <ClCompile Include="code\core\manager\AssetManager.cpp" />
    <ClCompile Include="code\core\manager\CoreManager.cpp" />
    <ClCompile Include="code\core\manager\LogManager.cpp" />
    <ClCompile Include="code\core\manager\TimeManager.cpp" />
    <ClCompile Include="code\core\platform-dependency\GL\GLGraphicData.cpp" />
    <ClCompile Include="code\core\platform-dependency\GL\GLRenderingManager.cpp" />
    <ClCompile Include="code\game\InnocenceGarden.cpp" />
    <ClCompile Include="code\main\InnocenceEngine 1.0.cpp" />
    <ClCompile Include="code\main\stdafx.cpp" />
    <ClCompile Include="code\core\component\InputComponent.cpp" />
    <ClCompile Include="code\game\PlayerCharacter.cpp" />
    <ClCompile Include="code\core\platform-dependency\DX\DXGraphicData.cpp" />
    <ClCompile Include="code\core\manager\graphic\RenderingManager.cpp" />
    <ClCompile Include="code\core\manager\graphic\SceneGraphManager.cpp" />
    <ClCompile Include="code\core\manager\graphic\GLWindowManager.cpp" />
    <ClCompile Include="code\core\manager\graphic\GLInputManager.cpp" />
    <ClCompile Include="code\core\interface\IEventManager.cpp" />
    <ClCompile Include="code\core\manager\graphic\GLGUIManager.cpp" />
    <ClCompile Include="code\core\component\VisibleComponent.cpp" />
    <ClCompile Include="code\core\component\LightComponent.cpp" />
    <ClCompile Include="code\core\third-party\glad.c" />
    <ClCompile Include="code\core\data\InnoMath.cpp" />
    <ClCompile Include="code\core\data\ITask.cpp" />
    <ClCompile Include="code\core\manager\TaskManager.cpp" />
  </ItemGroup>
  <ItemGroup>
    <ClInclude Include="code\core\component\CameraComponent.h" />
    <ClInclude Include="code\core\data\GraphicData.h" />
    <ClInclude Include="code\core\interface\IBaseObject.h" />
    <ClInclude Include="code\core\interface\IGameData.h" />
    <ClInclude Include="code\core\interface\IGameEntity.h" />
    <ClInclude Include="code\core\manager\AssetManager.h" />
    <ClInclude Include="code\core\manager\CoreManager.h" />
    <ClInclude Include="code\core\manager\LogManager.h" />
    <ClInclude Include="code\core\manager\TimeManager.h" />
    <ClInclude Include="code\core\platform-dependency\GL\GLGraphicData.h" />
    <ClInclude Include="code\core\platform-dependency\GL\GLRenderingManager.h" />
    <ClInclude Include="code\core\third-party\nuklear.h" />
    <ClInclude Include="code\core\third-party\nuklear_glfw_gl3.h" />
    <ClInclude Include="code\core\third-party\stb_image.h" />
    <ClInclude Include="code\game\InnocenceGarden.h" />
    <ClInclude Include="code\main\resource.h" />
    <ClInclude Include="code\main\stdafx.h" />
    <ClInclude Include="code\main\targetver.h" />
    <ClInclude Include="code\core\component\InputComponent.h" />
    <ClInclude Include="code\game\PlayerCharacter.h" />
    <ClInclude Include="code\core\platform-dependency\DX\DXGraphicData.h" />
    <ClInclude Include="code\core\manager\graphic\RenderingManager.h" />
    <ClInclude Include="code\core\manager\graphic\SceneGraphManager.h" />
    <ClInclude Include="code\core\manager\graphic\GLWindowManager.h" />
    <ClInclude Include="code\core\manager\graphic\GLInputManager.h" />
    <ClInclude Include="code\core\interface\IEventManager.h" />
    <ClInclude Include="code\core\manager\graphic\GLGUIManager.h" />
    <ClInclude Include="code\core\component\VisibleComponent.h" />
    <ClInclude Include="code\core\component\LightComponent.h" />
    <ClInclude Include="code\core\data\InnoMath.h" />
    <ClInclude Include="code\core\data\ITask.h" />
    <ClInclude Include="code\core\manager\TaskManager.h" />
  </ItemGroup>
</Project>